
Microsoft Visual Studio Solution File, Format Version 12.00
# Visual Studio 15
VisualStudioVersion = 15.0.28010.2050
MinimumVisualStudioVersion = 10.0.40219.1
Project("{FAE04EC0-301F-11D3-BF4B-00C04F79EFBC}") = "EmployeeREST", "EmployeeREST\EmployeeREST.csproj", "{E074B417-FFEB-458A-83C7-6BFA17A54B8F}"
EndProject
Global
	GlobalSection(SolutionConfigurationPlatforms) = preSolution
		Debug|Any CPU = Debug|Any CPU
		Release|Any CPU = Release|Any CPU
	EndGlobalSection
	GlobalSection(ProjectConfigurationPlatforms) = postSolution
		{E074B417-FFEB-458A-83C7-6BFA17A54B8F}.Debug|Any CPU.ActiveCfg = Debug|Any CPU
		{E074B417-FFEB-458A-83C7-6BFA17A54B8F}.Debug|Any CPU.Build.0 = Debug|Any CPU
		{E074B417-FFEB-458A-83C7-6BFA17A54B8F}.Release|Any CPU.ActiveCfg = Release|Any CPU
		{E074B417-FFEB-458A-83C7-6BFA17A54B8F}.Release|Any CPU.Build.0 = Release|Any CPU
	EndGlobalSection
	GlobalSection(SolutionProperties) = preSolution
		HideSolutionNode = FALSE
	EndGlobalSection
	GlobalSection(ExtensibilityGlobals) = postSolution
		SolutionGuid = {1D521D85-E5BA-4BE9-91E2-7F5C0640A955}
	EndGlobalSection
EndGlobal
